
Microsoft Visual Studio Solution File, Format Version 12.00
# Visual Studio Version 16
VisualStudioVersion = 16.0.31702.278
MinimumVisualStudioVersion = 10.0.40219.1
Project("{8BC9CEB8-8B4A-11D0-8D11-00A0C91BC942}") = "PartOne", "PartOne\PartOne.vcxproj", "{7AF770F4-8C88-41D2-AD97-09C029127D01}"
EndProject
Global
	GlobalSection(SolutionConfigurationPlatforms) = preSolution
		Debug|x64 = Debug|x64
		Debug|x86 = Debug|x86
		Release|x64 = Release|x64
		Release|x86 = Release|x86
	EndGlobalSection
	GlobalSection(ProjectConfigurationPlatforms) = postSolution
		{7AF770F4-8C88-41D2-AD97-09C029127D01}.Debug|x64.ActiveCfg = Debug|x64
		{7AF770F4-8C88-41D2-AD97-09C029127D01}.Debug|x64.Build.0 = Debug|x64
		{7AF770F4-8C88-41D2-AD97-09C029127D01}.Debug|x86.ActiveCfg = Debug|Win32
		{7AF770F4-8C88-41D2-AD97-09C029127D01}.Debug|x86.Build.0 = Debug|Win32
		{7AF770F4-8C88-41D2-AD97-09C029127D01}.Release|x64.ActiveCfg = Release|x64
		{7AF770F4-8C88-41D2-AD97-09C029127D01}.Release|x64.Build.0 = Release|x64
		{7AF770F4-8C88-41D2-AD97-09C029127D01}.Release|x86.ActiveCfg = Release|Win32
		{7AF770F4-8C88-41D2-AD97-09C029127D01}.Release|x86.Build.0 = Release|Win32
	EndGlobalSection
	GlobalSection(SolutionProperties) = preSolution
		HideSolutionNode = FALSE
	EndGlobalSection
	GlobalSection(ExtensibilityGlobals) = postSolution
		SolutionGuid = {769DDB0B-19BB-4A4F-9A60-73A070276A53}
	EndGlobalSection
EndGlobal
