
Microsoft Visual Studio Solution File, Format Version 12.00
# Visual Studio Version 16
VisualStudioVersion = 16.0.31702.278
MinimumVisualStudioVersion = 10.0.40219.1
Project("{8BC9CEB8-8B4A-11D0-8D11-00A0C91BC942}") = "PartThreeAndFour", "PartThreeAndFour\PartThreeAndFour.vcxproj", "{EF6FBB5B-0C21-483D-8286-F2F90287E12E}"
EndProject
Global
	GlobalSection(SolutionConfigurationPlatforms) = preSolution
		Debug|x64 = Debug|x64
		Debug|x86 = Debug|x86
		Release|x64 = Release|x64
		Release|x86 = Release|x86
	EndGlobalSection
	GlobalSection(ProjectConfigurationPlatforms) = postSolution
		{EF6FBB5B-0C21-483D-8286-F2F90287E12E}.Debug|x64.ActiveCfg = Debug|x64
		{EF6FBB5B-0C21-483D-8286-F2F90287E12E}.Debug|x64.Build.0 = Debug|x64
		{EF6FBB5B-0C21-483D-8286-F2F90287E12E}.Debug|x86.ActiveCfg = Debug|Win32
		{EF6FBB5B-0C21-483D-8286-F2F90287E12E}.Debug|x86.Build.0 = Debug|Win32
		{EF6FBB5B-0C21-483D-8286-F2F90287E12E}.Release|x64.ActiveCfg = Release|x64
		{EF6FBB5B-0C21-483D-8286-F2F90287E12E}.Release|x64.Build.0 = Release|x64
		{EF6FBB5B-0C21-483D-8286-F2F90287E12E}.Release|x86.ActiveCfg = Release|Win32
		{EF6FBB5B-0C21-483D-8286-F2F90287E12E}.Release|x86.Build.0 = Release|Win32
	EndGlobalSection
	GlobalSection(SolutionProperties) = preSolution
		HideSolutionNode = FALSE
	EndGlobalSection
	GlobalSection(ExtensibilityGlobals) = postSolution
		SolutionGuid = {9D6A9494-63A0-41DA-BBFD-1A8A13D01523}
	EndGlobalSection
EndGlobal
